{
  "originHash" : "d981670b53b3c724be6dcb91e409774e75b822b4338a4bef8bf4685dc566e526",
  "pins" : [
    {
      "identity" : "swift-cmark-gfm",
      "kind" : "remoteSourceControl",
      "location" : "https://github.com/stackotter/swift-cmark-gfm",
      "state" : {
        "revision" : "7ec44e7384793e507cf046336aef68586719a24e",
        "version" : "1.0.2"
      }
    }
  ],
  "version" : 3
}
